
Microsoft Visual Studio Solution File, Format Version 12.00
# Visual Studio Version 17
VisualStudioVersion = 17.5.33516.290
MinimumVisualStudioVersion = 10.0.40219.1
Project("{FAE04EC0-301F-11D3-BF4B-00C04F79EFBC}") = "csharp-lista-indirizzi", "csharp-lista-indirizzi\csharp-lista-indirizzi.csproj", "{B4821844-92B3-46F2-A014-EE07CC65322A}"
EndProject
Global
	GlobalSection(SolutionConfigurationPlatforms) = preSolution
		Debug|Any CPU = Debug|Any CPU
		Release|Any CPU = Release|Any CPU
	EndGlobalSection
	GlobalSection(ProjectConfigurationPlatforms) = postSolution
		{B4821844-92B3-46F2-A014-EE07CC65322A}.Debug|Any CPU.ActiveCfg = Debug|Any CPU
		{B4821844-92B3-46F2-A014-EE07CC65322A}.Debug|Any CPU.Build.0 = Debug|Any CPU
		{B4821844-92B3-46F2-A014-EE07CC65322A}.Release|Any CPU.ActiveCfg = Release|Any CPU
		{B4821844-92B3-46F2-A014-EE07CC65322A}.Release|Any CPU.Build.0 = Release|Any CPU
	EndGlobalSection
	GlobalSection(SolutionProperties) = preSolution
		HideSolutionNode = FALSE
	EndGlobalSection
	GlobalSection(ExtensibilityGlobals) = postSolution
		SolutionGuid = {78777F89-8044-45B3-8E01-6E3B8BA5C246}
	EndGlobalSection
EndGlobal
